
Microsoft Visual Studio Solution File, Format Version 12.00
# Visual Studio Version 16
VisualStudioVersion = 16.0.31624.102
MinimumVisualStudioVersion = 10.0.40219.1
Project("{2150E333-8FDC-42A3-9474-1A3956D46DE8}") = "1.Kernel", "1.Kernel", "{B102949B-4E9C-4205-940C-FA7314738073}"
EndProject
Project("{2150E333-8FDC-42A3-9474-1A3956D46DE8}") = "2.Entity", "2.Entity", "{79400D0F-A6BD-44DC-B659-242F5C70DC39}"
EndProject
Project("{2150E333-8FDC-42A3-9474-1A3956D46DE8}") = "3.DataStructure", "3.DataStructure", "{A8A370E1-98A9-4F0B-98A5-5788791A8774}"
EndProject
Project("{2150E333-8FDC-42A3-9474-1A3956D46DE8}") = "4.Repository", "4.Repository", "{92AFD39C-5B45-46C8-8B77-4DBEADB729E4}"
EndProject
Project("{2150E333-8FDC-42A3-9474-1A3956D46DE8}") = "5.Shared", "5.Shared", "{EFF1107A-3425-4E5D-A715-6B6CC1A35F20}"
EndProject
Project("{2150E333-8FDC-42A3-9474-1A3956D46DE8}") = "6.Client", "6.Client", "{A3461AF3-ECB1-4F34-9331-6B638DD3ABA3}"
EndProject
Project("{2150E333-8FDC-42A3-9474-1A3956D46DE8}") = "7.Server", "7.Server", "{CA8F7A88-4780-48C3-86D2-E798C57E0E02}"
EndProject
Project("{9A19103F-16F7-4668-BE54-9A1E7A4F7556}") = "illegible.Kernel", "1_illegible.Kernel\illegible.Kernel.csproj", "{1477E3A1-DF6D-48CB-B580-3B63EF627539}"
EndProject
Project("{9A19103F-16F7-4668-BE54-9A1E7A4F7556}") = "illegible.Entity", "2_illegible.Entity\illegible.Entity.csproj", "{6517CC41-31D9-48DD-AB81-998DB85A92A9}"
EndProject
Project("{9A19103F-16F7-4668-BE54-9A1E7A4F7556}") = "illegible.DataStructure", "3_illegible.DataStructure\illegible.DataStructure.csproj", "{2AE301AF-D843-4705-BB66-24E15859E084}"
EndProject
Project("{9A19103F-16F7-4668-BE54-9A1E7A4F7556}") = "illegible.Repository", "4_illegible.Repository\illegible.Repository.csproj", "{177D7A70-729E-4BA9-BEA5-42CA28ACD40B}"
EndProject
Project("{9A19103F-16F7-4668-BE54-9A1E7A4F7556}") = "illegible.Shared", "5_Shared\illegible.Shared.csproj", "{BDCBF00B-172B-4EF9-BAAF-60E390BEFC44}"
EndProject
Project("{9A19103F-16F7-4668-BE54-9A1E7A4F7556}") = "illegible.Client", "6_Client\illegible.Client.csproj", "{717B25C4-0A94-4A1E-ADA4-B002F33FE6E5}"
EndProject
Project("{9A19103F-16F7-4668-BE54-9A1E7A4F7556}") = "illegible.Server", "7_Server\illegible.Server.csproj", "{24AD129D-8EDA-4D1A-9E23-87E03039DE38}"
EndProject
Project("{2150E333-8FDC-42A3-9474-1A3956D46DE8}") = "8.Test", "8.Test", "{5E2145B6-F582-4953-8319-CFA6CB5A7F63}"
EndProject
Project("{9A19103F-16F7-4668-BE54-9A1E7A4F7556}") = "illegible.Test", "8_illegible.XUnitTest\illegible.Test\illegible.Test.csproj", "{FCFD42EC-D8A0-45BB-AF15-142BC0B56F6F}"
EndProject
Global
	GlobalSection(SolutionConfigurationPlatforms) = preSolution
		Debug|Any CPU = Debug|Any CPU
		Release|Any CPU = Release|Any CPU
	EndGlobalSection
	GlobalSection(ProjectConfigurationPlatforms) = postSolution
		{1477E3A1-DF6D-48CB-B580-3B63EF627539}.Debug|Any CPU.ActiveCfg = Debug|Any CPU
		{1477E3A1-DF6D-48CB-B580-3B63EF627539}.Debug|Any CPU.Build.0 = Debug|Any CPU
		{1477E3A1-DF6D-48CB-B580-3B63EF627539}.Release|Any CPU.ActiveCfg = Release|Any CPU
		{1477E3A1-DF6D-48CB-B580-3B63EF627539}.Release|Any CPU.Build.0 = Release|Any CPU
		{6517CC41-31D9-48DD-AB81-998DB85A92A9}.Debug|Any CPU.ActiveCfg = Debug|Any CPU
		{6517CC41-31D9-48DD-AB81-998DB85A92A9}.Debug|Any CPU.Build.0 = Debug|Any CPU
		{6517CC41-31D9-48DD-AB81-998DB85A92A9}.Release|Any CPU.ActiveCfg = Release|Any CPU
		{6517CC41-31D9-48DD-AB81-998DB85A92A9}.Release|Any CPU.Build.0 = Release|Any CPU
		{2AE301AF-D843-4705-BB66-24E15859E084}.Debug|Any CPU.ActiveCfg = Debug|Any CPU
		{2AE301AF-D843-4705-BB66-24E15859E084}.Debug|Any CPU.Build.0 = Debug|Any CPU
		{2AE301AF-D843-4705-BB66-24E15859E084}.Release|Any CPU.ActiveCfg = Release|Any CPU
		{2AE301AF-D843-4705-BB66-24E15859E084}.Release|Any CPU.Build.0 = Release|Any CPU
		{177D7A70-729E-4BA9-BEA5-42CA28ACD40B}.Debug|Any CPU.ActiveCfg = Debug|Any CPU
		{177D7A70-729E-4BA9-BEA5-42CA28ACD40B}.Debug|Any CPU.Build.0 = Debug|Any CPU
		{177D7A70-729E-4BA9-BEA5-42CA28ACD40B}.Release|Any CPU.ActiveCfg = Release|Any CPU
		{177D7A70-729E-4BA9-BEA5-42CA28ACD40B}.Release|Any CPU.Build.0 = Release|Any CPU
		{BDCBF00B-172B-4EF9-BAAF-60E390BEFC44}.Debug|Any CPU.ActiveCfg = Debug|Any CPU
		{BDCBF00B-172B-4EF9-BAAF-60E390BEFC44}.Debug|Any CPU.Build.0 = Debug|Any CPU
		{BDCBF00B-172B-4EF9-BAAF-60E390BEFC44}.Release|Any CPU.ActiveCfg = Release|Any CPU
		{BDCBF00B-172B-4EF9-BAAF-60E390BEFC44}.Release|Any CPU.Build.0 = Release|Any CPU
		{717B25C4-0A94-4A1E-ADA4-B002F33FE6E5}.Debug|Any CPU.ActiveCfg = Debug|Any CPU
		{717B25C4-0A94-4A1E-ADA4-B002F33FE6E5}.Debug|Any CPU.Build.0 = Debug|Any CPU
		{717B25C4-0A94-4A1E-ADA4-B002F33FE6E5}.Release|Any CPU.ActiveCfg = Release|Any CPU
		{717B25C4-0A94-4A1E-ADA4-B002F33FE6E5}.Release|Any CPU.Build.0 = Release|Any CPU
		{24AD129D-8EDA-4D1A-9E23-87E03039DE38}.Debug|Any CPU.ActiveCfg = Debug|Any CPU
		{24AD129D-8EDA-4D1A-9E23-87E03039DE38}.Debug|Any CPU.Build.0 = Debug|Any CPU
		{24AD129D-8EDA-4D1A-9E23-87E03039DE38}.Release|Any CPU.ActiveCfg = Release|Any CPU
		{24AD129D-8EDA-4D1A-9E23-87E03039DE38}.Release|Any CPU.Build.0 = Release|Any CPU
		{FCFD42EC-D8A0-45BB-AF15-142BC0B56F6F}.Debug|Any CPU.ActiveCfg = Debug|Any CPU
		{FCFD42EC-D8A0-45BB-AF15-142BC0B56F6F}.Debug|Any CPU.Build.0 = Debug|Any CPU
		{FCFD42EC-D8A0-45BB-AF15-142BC0B56F6F}.Release|Any CPU.ActiveCfg = Release|Any CPU
		{FCFD42EC-D8A0-45BB-AF15-142BC0B56F6F}.Release|Any CPU.Build.0 = Release|Any CPU
	EndGlobalSection
	GlobalSection(SolutionProperties) = preSolution
		HideSolutionNode = FALSE
	EndGlobalSection
	GlobalSection(NestedProjects) = preSolution
		{1477E3A1-DF6D-48CB-B580-3B63EF627539} = {B102949B-4E9C-4205-940C-FA7314738073}
		{6517CC41-31D9-48DD-AB81-998DB85A92A9} = {79400D0F-A6BD-44DC-B659-242F5C70DC39}
		{2AE301AF-D843-4705-BB66-24E15859E084} = {A8A370E1-98A9-4F0B-98A5-5788791A8774}
		{177D7A70-729E-4BA9-BEA5-42CA28ACD40B} = {92AFD39C-5B45-46C8-8B77-4DBEADB729E4}
		{BDCBF00B-172B-4EF9-BAAF-60E390BEFC44} = {EFF1107A-3425-4E5D-A715-6B6CC1A35F20}
		{717B25C4-0A94-4A1E-ADA4-B002F33FE6E5} = {A3461AF3-ECB1-4F34-9331-6B638DD3ABA3}
		{24AD129D-8EDA-4D1A-9E23-87E03039DE38} = {CA8F7A88-4780-48C3-86D2-E798C57E0E02}
		{FCFD42EC-D8A0-45BB-AF15-142BC0B56F6F} = {5E2145B6-F582-4953-8319-CFA6CB5A7F63}
	EndGlobalSection
	GlobalSection(ExtensibilityGlobals) = postSolution
		SolutionGuid = {AABE0B94-268D-4405-99D5-9356ECC8354A}
	EndGlobalSection
EndGlobal
